
Microsoft Visual Studio Solution File, Format Version 12.00
# Visual Studio Version 16
VisualStudioVersion = 16.0.34031.81
MinimumVisualStudioVersion = 10.0.40219.1
Project("{FAE04EC0-301F-11D3-BF4B-00C04F79EFBC}") = "Lab02", "DonDatHang.aspx\Lab02.csproj", "{FD6493BB-1567-498D-B921-E812D499298D}"
EndProject
Global
	GlobalSection(SolutionConfigurationPlatforms) = preSolution
		Debug|Any CPU = Debug|Any CPU
		Release|Any CPU = Release|Any CPU
	EndGlobalSection
	GlobalSection(ProjectConfigurationPlatforms) = postSolution
		{FD6493BB-1567-498D-B921-E812D499298D}.Debug|Any CPU.ActiveCfg = Debug|Any CPU
		{FD6493BB-1567-498D-B921-E812D499298D}.Debug|Any CPU.Build.0 = Debug|Any CPU
		{FD6493BB-1567-498D-B921-E812D499298D}.Release|Any CPU.ActiveCfg = Release|Any CPU
		{FD6493BB-1567-498D-B921-E812D499298D}.Release|Any CPU.Build.0 = Release|Any CPU
	EndGlobalSection
	GlobalSection(SolutionProperties) = preSolution
		HideSolutionNode = FALSE
	EndGlobalSection
	GlobalSection(ExtensibilityGlobals) = postSolution
		SolutionGuid = {DF7EB17E-863B-4CF8-8495-690C4EB06856}
	EndGlobalSection
EndGlobal
